{
  "pins" : [
    {
      "identity" : "robin",
      "kind" : "remoteSourceControl",
      "location" : "https://github.com/guardian/robin.git",
      "state" : {
        "branch" : "visionpro-spatial-audio",
        "revision" : "79fbb394bdec36804cea449d9c31e99a45b89f0a"
      }
    }
  ],
  "version" : 2
}
